
Microsoft Visual Studio Solution File, Format Version 12.00
# Visual Studio 15
Project("{FAE04EC0-301F-11D3-BF4B-00C04F79EFBC}") = "Assembly-CSharp", "Assembly-CSharp.csproj", "{03D42E8D-6F51-E123-3FDA-B3A1B50D7C44}"
EndProject
Project("{FAE04EC0-301F-11D3-BF4B-00C04F79EFBC}") = "Assembly-CSharp-Editor", "Assembly-CSharp-Editor.csproj", "{FA46C7C2-7AE0-4B49-F673-8EC1CAEA1175}"
EndProject
Global
	GlobalSection(SolutionConfigurationPlatforms) = preSolution
		Debug|Any CPU = Debug|Any CPU
		Release|Any CPU = Release|Any CPU
	EndGlobalSection
	GlobalSection(ProjectConfigurationPlatforms) = postSolution
		{03D42E8D-6F51-E123-3FDA-B3A1B50D7C44}.Debug|Any CPU.ActiveCfg = Debug|Any CPU
		{03D42E8D-6F51-E123-3FDA-B3A1B50D7C44}.Debug|Any CPU.Build.0 = Debug|Any CPU
		{03D42E8D-6F51-E123-3FDA-B3A1B50D7C44}.Release|Any CPU.ActiveCfg = Release|Any CPU
		{03D42E8D-6F51-E123-3FDA-B3A1B50D7C44}.Release|Any CPU.Build.0 = Release|Any CPU
		{FA46C7C2-7AE0-4B49-F673-8EC1CAEA1175}.Debug|Any CPU.ActiveCfg = Debug|Any CPU
		{FA46C7C2-7AE0-4B49-F673-8EC1CAEA1175}.Debug|Any CPU.Build.0 = Debug|Any CPU
		{FA46C7C2-7AE0-4B49-F673-8EC1CAEA1175}.Release|Any CPU.ActiveCfg = Release|Any CPU
		{FA46C7C2-7AE0-4B49-F673-8EC1CAEA1175}.Release|Any CPU.Build.0 = Release|Any CPU
	EndGlobalSection
	GlobalSection(SolutionProperties) = preSolution
		HideSolutionNode = FALSE
	EndGlobalSection
EndGlobal
